schema: '2.0'
stages:
  data_split:
    cmd: python src/data_split.py
    deps:
    - path: data/pool_data
      hash: md5
      md5: df842a88cea0d5af93364d01bee7b57b.dir
      size: 18999874
      nfiles: 183
    - path: src/data_split.py
      hash: md5
      md5: b7e4ac87fb99871ef3bff6a5ea9c3f9a
      size: 1034
    params:
      params.yaml:
        base:
          random_seed: 42
        data_split:
          test_regions:
          - REGION_1
    outs:
    - path: data/test_data
      hash: md5
      md5: 1bb16eb1219b47a8bf711ade27c476e4.dir
      size: 2087761
      nfiles: 24
    - path: data/train_data
      hash: md5
      md5: a28a7e4d342c27c1d7ad3c17ec1dfa7a.dir
      size: 16905965
      nfiles: 158
  train:
    cmd: python src/train.py
    deps:
    - path: data/train_data
      hash: md5
      md5: a28a7e4d342c27c1d7ad3c17ec1dfa7a.dir
      size: 16905965
      nfiles: 158
    - path: src/train.py
      hash: md5
      md5: 7d4c09aad3b562aa301271d60e20c8d8
      size: 2506
    params:
      params.yaml:
        base:
          random_seed: 42
        train:
          valid_pct: 0.1
          arch: shufflenet_v2_x2_0
          img_size: 384
          batch_size: 16
          fine_tune_args:
            epochs: 8
            base_lr: 0.01
    outs:
    - path: models/model.pkl
      hash: md5
      md5: a8df22afe2196c2ce7fb695773868836
      size: 203846
  evaluate:
    cmd: python src/evaluate.py
    deps:
    - path: data/test_data
      hash: md5
      md5: 1bb16eb1219b47a8bf711ade27c476e4.dir
      size: 2087761
      nfiles: 24
    - path: models/model.pkl
      hash: md5
      md5: a8df22afe2196c2ce7fb695773868836
      size: 203846
    - path: src/evaluate.py
      hash: md5
      md5: 60e357bcea27d237df4034f0b837dd4c
      size: 3321
    params:
      params.yaml:
        base:
          random_seed: 42
        evaluate:
          n_samples_to_save: 10
    outs:
    - path: results
      hash: md5
      md5: 8caf0bbf2f9233e8002f70a4d28030d6.dir
      size: 1309469
      nfiles: 11
